
Microsoft Visual Studio Solution File, Format Version 12.00
# Visual Studio Version 17
VisualStudioVersion = 17.5.002.0
MinimumVisualStudioVersion = 10.0.40219.1
Project("{9A19103F-16F7-4668-BE54-9A1E7A4F7556}") = "GestionItemsTest", "GestionItemsTest.csproj", "{19939D26-3EB9-4E4E-9714-87BB5F6B43A8}"
EndProject
Global
	GlobalSection(SolutionConfigurationPlatforms) = preSolution
		Debug|Any CPU = Debug|Any CPU
		Release|Any CPU = Release|Any CPU
	EndGlobalSection
	GlobalSection(ProjectConfigurationPlatforms) = postSolution
		{19939D26-3EB9-4E4E-9714-87BB5F6B43A8}.Debug|Any CPU.ActiveCfg = Debug|Any CPU
		{19939D26-3EB9-4E4E-9714-87BB5F6B43A8}.Debug|Any CPU.Build.0 = Debug|Any CPU
		{19939D26-3EB9-4E4E-9714-87BB5F6B43A8}.Release|Any CPU.ActiveCfg = Release|Any CPU
		{19939D26-3EB9-4E4E-9714-87BB5F6B43A8}.Release|Any CPU.Build.0 = Release|Any CPU
	EndGlobalSection
	GlobalSection(SolutionProperties) = preSolution
		HideSolutionNode = FALSE
	EndGlobalSection
	GlobalSection(ExtensibilityGlobals) = postSolution
		SolutionGuid = {AB36ACCC-4CF0-4CDA-B35E-D12E9CA8C226}
	EndGlobalSection
EndGlobal
